dependencies:
- name: redis
  repository: https://charts.bitnami.com/bitnami
  version: 20.11.3
- name: postgresql
  repository: https://charts.bitnami.com/bitnami
  version: 16.5.5
digest: sha256:0decf8ea66c6b39cc12dc1016652bf6a08a7511787f8382c569f6dc209f15207
generated: "2025-03-22T22:19:26.863438-04:00"
